
Microsoft Visual Studio Solution File, Format Version 12.00
# Visual Studio Version 17
VisualStudioVersion = 17.8.34408.163
MinimumVisualStudioVersion = 10.0.40219.1
Project("{9A19103F-16F7-4668-BE54-9A1E7A4F7556}") = "DoAn", "DoAn\DoAn.csproj", "{A13EC089-4FB8-44A0-A68C-4EB169C5FF91}"
EndProject
Project("{9A19103F-16F7-4668-BE54-9A1E7A4F7556}") = "DoAn.DataAccess", "DoAn.DataAccess\DoAn.DataAccess.csproj", "{8E893B50-110A-4FD9-B9CE-2482604658D5}"
EndProject
Project("{9A19103F-16F7-4668-BE54-9A1E7A4F7556}") = "DoAn.Models", "DoAn.Models\DoAn.Models.csproj", "{C45177A3-28C2-4FF9-AB12-312AFFDD3E0B}"
EndProject
Project("{9A19103F-16F7-4668-BE54-9A1E7A4F7556}") = "DoAn.Utility", "DoAn.Utility\DoAn.Utility.csproj", "{EFA8EA9E-BED4-4440-AE4C-8C267BFB626D}"
EndProject
Global
	GlobalSection(SolutionConfigurationPlatforms) = preSolution
		Debug|Any CPU = Debug|Any CPU
		Release|Any CPU = Release|Any CPU
	EndGlobalSection
	GlobalSection(ProjectConfigurationPlatforms) = postSolution
		{A13EC089-4FB8-44A0-A68C-4EB169C5FF91}.Debug|Any CPU.ActiveCfg = Debug|Any CPU
		{A13EC089-4FB8-44A0-A68C-4EB169C5FF91}.Debug|Any CPU.Build.0 = Debug|Any CPU
		{A13EC089-4FB8-44A0-A68C-4EB169C5FF91}.Release|Any CPU.ActiveCfg = Release|Any CPU
		{A13EC089-4FB8-44A0-A68C-4EB169C5FF91}.Release|Any CPU.Build.0 = Release|Any CPU
		{8E893B50-110A-4FD9-B9CE-2482604658D5}.Debug|Any CPU.ActiveCfg = Debug|Any CPU
		{8E893B50-110A-4FD9-B9CE-2482604658D5}.Debug|Any CPU.Build.0 = Debug|Any CPU
		{8E893B50-110A-4FD9-B9CE-2482604658D5}.Release|Any CPU.ActiveCfg = Release|Any CPU
		{8E893B50-110A-4FD9-B9CE-2482604658D5}.Release|Any CPU.Build.0 = Release|Any CPU
		{C45177A3-28C2-4FF9-AB12-312AFFDD3E0B}.Debug|Any CPU.ActiveCfg = Debug|Any CPU
		{C45177A3-28C2-4FF9-AB12-312AFFDD3E0B}.Debug|Any CPU.Build.0 = Debug|Any CPU
		{C45177A3-28C2-4FF9-AB12-312AFFDD3E0B}.Release|Any CPU.ActiveCfg = Release|Any CPU
		{C45177A3-28C2-4FF9-AB12-312AFFDD3E0B}.Release|Any CPU.Build.0 = Release|Any CPU
		{EFA8EA9E-BED4-4440-AE4C-8C267BFB626D}.Debug|Any CPU.ActiveCfg = Debug|Any CPU
		{EFA8EA9E-BED4-4440-AE4C-8C267BFB626D}.Debug|Any CPU.Build.0 = Debug|Any CPU
		{EFA8EA9E-BED4-4440-AE4C-8C267BFB626D}.Release|Any CPU.ActiveCfg = Release|Any CPU
		{EFA8EA9E-BED4-4440-AE4C-8C267BFB626D}.Release|Any CPU.Build.0 = Release|Any CPU
	EndGlobalSection
	GlobalSection(SolutionProperties) = preSolution
		HideSolutionNode = FALSE
	EndGlobalSection
	GlobalSection(ExtensibilityGlobals) = postSolution
		SolutionGuid = {0D3B7D77-6249-4CAC-8773-309A8C5A123B}
	EndGlobalSection
EndGlobal
